// !$*UTF8*$!
{
	archiveVersion = 1;
	classes = {
	};
	objectVersion = 77;
	objects = {

/* Begin PBXContainerItemProxy section */
		EAEBD6572CB3FB0A00C5B6F7 /* PBXContainerItemProxy */ = {
			isa = PBXContainerItemProxy;
			containerPortal = EAEBD63E2CB3FB0700C5B6F7 /* Project object */;
			proxyType = 1;
			remoteGlobalIDString = EAEBD6452CB3FB0700C5B6F7;
			remoteInfo = CoffeeShopApp;
		};
		EAEBD6612CB3FB0A00C5B6F7 /* PBXContainerItemProxy */ = {
			isa = PBXContainerItemProxy;
			containerPortal = EAEBD63E2CB3FB0700C5B6F7 /* Project object */;
			proxyType = 1;
			remoteGlobalIDString = EAEBD6452CB3FB0700C5B6F7;
			remoteInfo = CoffeeShopApp;
		};
/* End PBXContainerItemProxy section */

/* Begin PBXFileReference section */
		EAEBD6462CB3FB0700C5B6F7 /* CoffeeShopApp.app */ = {isa = PBXFileReference; explicitFileType = wrapper.application; includeInIndex = 0; path = CoffeeShopApp.app; sourceTree = BUILT_PRODUCTS_DIR; };
		EAEBD6562CB3FB0A00C5B6F7 /* CoffeeShopAppTests.xctest */ = {isa = PBXFileReference; explicitFileType = wrapper.cfbundle; includeInIndex = 0; path = CoffeeShopAppTests.xctest; sourceTree = BUILT_PRODUCTS_DIR; };
		EAEBD6602CB3FB0A00C5B6F7 /* CoffeeShopAppUITests.xctest */ = {isa = PBXFileReference; explicitFileType = wrapper.cfbundle; includeInIndex = 0; path = CoffeeShopAppUITests.xctest; sourceTree = BUILT_PRODUCTS_DIR; };
/* End PBXFileReference section */

/* Begin PBXFileSystemSynchronizedRootGroup section */
		EAEBD6482CB3FB0700C5B6F7 /* CoffeeShopApp */ = {
			isa = PBXFileSystemSynchronizedRootGroup;
			path = CoffeeShopApp;
			sourceTree = "<group>";
		};
		EAEBD6592CB3FB0A00C5B6F7 /* CoffeeShopAppTests */ = {
			isa = PBXFileSystemSynchronizedRootGroup;
			path = CoffeeShopAppTests;
			sourceTree = "<group>";
		};
		EAEBD6632CB3FB0A00C5B6F7 /* CoffeeShopAppUITests */ = {
			isa = PBXFileSystemSynchronizedRootGroup;
			path = CoffeeShopAppUITests;
			sourceTree = "<group>";
		};
/* End PBXFileSystemSynchronizedRootGroup section */

/* Begin PBXFrameworksBuildPhase section */
		EAEBD6432CB3FB0700C5B6F7 /* Frameworks */ = {
			isa = PBXFrameworksBuildPhase;
			buildActionMask = 2147483647;
			files = (
			);
			runOnlyForDeploymentPostprocessing = 0;
		};
		EAEBD6532CB3FB0A00C5B6F7 /* Frameworks */ = {
			isa = PBXFrameworksBuildPhase;
			buildActionMask = 2147483647;
			files = (
			);
			runOnlyForDeploymentPostprocessing = 0;
		};
		EAEBD65D2CB3FB0A00C5B6F7 /* Frameworks */ = {
			isa = PBXFrameworksBuildPhase;
			buildActionMask = 2147483647;
			files = (
			);
			runOnlyForDeploymentPostprocessing = 0;
		};
/* End PBXFrameworksBuildPhase section */

/* Begin PBXGroup section */
		EAEBD63D2CB3FB0700C5B6F7 = {
			isa = PBXGroup;
			children = (
				EAEBD6482CB3FB0700C5B6F7 /* CoffeeShopApp */,
				EAEBD6592CB3FB0A00C5B6F7 /* CoffeeShopAppTests */,
				EAEBD6632CB3FB0A00C5B6F7 /* CoffeeShopAppUITests */,
				EAEBD6472CB3FB0700C5B6F7 /* Products */,
			);
			sourceTree = "<group>";
		};
		EAEBD6472CB3FB0700C5B6F7 /* Products */ = {
			isa = PBXGroup;
			children = (
				EAEBD6462CB3FB0700C5B6F7 /* CoffeeShopApp.app */,
				EAEBD6562CB3FB0A00C5B6F7 /* CoffeeShopAppTests.xctest */,
				EAEBD6602CB3FB0A00C5B6F7 /* CoffeeShopAppUITests.xctest */,
			);
			name = Products;
			sourceTree = "<group>";
		};
/* End PBXGroup section */

/* Begin PBXNativeTarget section */
		EAEBD6452CB3FB0700C5B6F7 /* CoffeeShopApp */ = {
			isa = PBXNativeTarget;
			buildConfigurationList = EAEBD66A2CB3FB0A00C5B6F7 /* Build configuration list for PBXNativeTarget "CoffeeShopApp" */;
			buildPhases = (
				EAEBD6422CB3FB0700C5B6F7 /* Sources */,
				EAEBD6432CB3FB0700C5B6F7 /* Frameworks */,
				EAEBD6442CB3FB0700C5B6F7 /* Resources */,
			);
			buildRules = (
			);
			dependencies = (
			);
			fileSystemSynchronizedGroups = (
				EAEBD6482CB3FB0700C5B6F7 /* CoffeeShopApp */,
			);
			name = CoffeeShopApp;
			packageProductDependencies = (
			);
			productName = CoffeeShopApp;
			productReference = EAEBD6462CB3FB0700C5B6F7 /* CoffeeShopApp.app */;
			productType = "com.apple.product-type.application";
		};
		EAEBD6552CB3FB0A00C5B6F7 /* CoffeeShopAppTests */ = {
			isa = PBXNativeTarget;
			buildConfigurationList = EAEBD66D2CB3FB0A00C5B6F7 /* Build configuration list for PBXNativeTarget "CoffeeShopAppTests" */;
			buildPhases = (
				EAEBD6522CB3FB0A00C5B6F7 /* Sources */,
				EAEBD6532CB3FB0A00C5B6F7 /* Frameworks */,
				EAEBD6542CB3FB0A00C5B6F7 /* Resources */,
			);
			buildRules = (
			);
			dependencies = (
				EAEBD6582CB3FB0A00C5B6F7 /* PBXTargetDependency */,
			);
			fileSystemSynchronizedGroups = (
				EAEBD6592CB3FB0A00C5B6F7 /* CoffeeShopAppTests */,
			);
			name = CoffeeShopAppTests;
			packageProductDependencies = (
			);
			productName = CoffeeShopAppTests;
			productReference = EAEBD6562CB3FB0A00C5B6F7 /* CoffeeShopAppTests.xctest */;
			productType = "com.apple.product-type.bundle.unit-test";
		};
		EAEBD65F2CB3FB0A00C5B6F7 /* CoffeeShopAppUITests */ = {
			isa = PBXNativeTarget;
			buildConfigurationList = EAEBD6702CB3FB0A00C5B6F7 /* Build configuration list for PBXNativeTarget "CoffeeShopAppUITests" */;
			buildPhases = (
				EAEBD65C2CB3FB0A00C5B6F7 /* Sources */,
				EAEBD65D2CB3FB0A00C5B6F7 /* Frameworks */,
				EAEBD65E2CB3FB0A00C5B6F7 /* Resources */,
			);
			buildRules = (
			);
			dependencies = (
				EAEBD6622CB3FB0A00C5B6F7 /* PBXTargetDependency */,
			);
			fileSystemSynchronizedGroups = (
				EAEBD6632CB3FB0A00C5B6F7 /* CoffeeShopAppUITests */,
			);
			name = CoffeeShopAppUITests;
			packageProductDependencies = (
			);
			productName = CoffeeShopAppUITests;
			productReference = EAEBD6602CB3FB0A00C5B6F7 /* CoffeeShopAppUITests.xctest */;
			productType = "com.apple.product-type.bundle.ui-testing";
		};
/* End PBXNativeTarget section */

/* Begin PBXProject section */
		EAEBD63E2CB3FB0700C5B6F7 /* Project object */ = {
			isa = PBXProject;
			attributes = {
				BuildIndependentTargetsInParallel = 1;
				LastSwiftUpdateCheck = 1600;
				LastUpgradeCheck = 1600;
				TargetAttributes = {
					EAEBD6452CB3FB0700C5B6F7 = {
						CreatedOnToolsVersion = 16.0;
					};
					EAEBD6552CB3FB0A00C5B6F7 = {
						CreatedOnToolsVersion = 16.0;
						TestTargetID = EAEBD6452CB3FB0700C5B6F7;
					};
					EAEBD65F2CB3FB0A00C5B6F7 = {
						CreatedOnToolsVersion = 16.0;
						TestTargetID = EAEBD6452CB3FB0700C5B6F7;
					};
				};
			};
			buildConfigurationList = EAEBD6412CB3FB0700C5B6F7 /* Build configuration list for PBXProject "CoffeeShopApp" */;
			developmentRegion = en;
			hasScannedForEncodings = 0;
			knownRegions = (
				en,
				Base,
			);
			mainGroup = EAEBD63D2CB3FB0700C5B6F7;
			minimizedProjectReferenceProxies = 1;
			preferredProjectObjectVersion = 77;
			productRefGroup = EAEBD6472CB3FB0700C5B6F7 /* Products */;
			projectDirPath = "";
			projectRoot = "";
			targets = (
				EAEBD6452CB3FB0700C5B6F7 /* CoffeeShopApp */,
				EAEBD6552CB3FB0A00C5B6F7 /* CoffeeShopAppTests */,
				EAEBD65F2CB3FB0A00C5B6F7 /* CoffeeShopAppUITests */,
			);
		};
/* End PBXProject section */

/* Begin PBXResourcesBuildPhase section */
		EAEBD6442CB3FB0700C5B6F7 /* Resources */ = {
			isa = PBXResourcesBuildPhase;
			buildActionMask = 2147483647;
			files = (
			);
			runOnlyForDeploymentPostprocessing = 0;
		};
		EAEBD6542CB3FB0A00C5B6F7 /* Resources */ = {
			isa = PBXResourcesBuildPhase;
			buildActionMask = 2147483647;
			files = (
			);
			runOnlyForDeploymentPostprocessing = 0;
		};
		EAEBD65E2CB3FB0A00C5B6F7 /* Resources */ = {
			isa = PBXResourcesBuildPhase;
			buildActionMask = 2147483647;
			files = (
			);
			runOnlyForDeploymentPostprocessing = 0;
		};
/* End PBXResourcesBuildPhase section */

/* Begin PBXSourcesBuildPhase section */
		EAEBD6422CB3FB0700C5B6F7 /* Sources */ = {
			isa = PBXSourcesBuildPhase;
			buildActionMask = 2147483647;
			files = (
			);
			runOnlyForDeploymentPostprocessing = 0;
		};
		EAEBD6522CB3FB0A00C5B6F7 /* Sources */ = {
			isa = PBXSourcesBuildPhase;
			buildActionMask = 2147483647;
			files = (
			);
			runOnlyForDeploymentPostprocessing = 0;
		};
		EAEBD65C2CB3FB0A00C5B6F7 /* Sources */ = {
			isa = PBXSourcesBuildPhase;
			buildActionMask = 2147483647;
			files = (
			);
			runOnlyForDeploymentPostprocessing = 0;
		};
/* End PBXSourcesBuildPhase section */

/* Begin PBXTargetDependency section */
		EAEBD6582CB3FB0A00C5B6F7 /* PBXTargetDependency */ = {
			isa = PBXTargetDependency;
			target = EAEBD6452CB3FB0700C5B6F7 /* CoffeeShopApp */;
			targetProxy = EAEBD6572CB3FB0A00C5B6F7 /* PBXContainerItemProxy */;
		};
		EAEBD6622CB3FB0A00C5B6F7 /* PBXTargetDependency */ = {
			isa = PBXTargetDependency;
			target = EAEBD6452CB3FB0700C5B6F7 /* CoffeeShopApp */;
			targetProxy = EAEBD6612CB3FB0A00C5B6F7 /* PBXContainerItemProxy */;
		};
/* End PBXTargetDependency section */

/* Begin XCBuildConfiguration section */
		EAEBD6682CB3FB0A00C5B6F7 /* Debug */ = {
			isa = XCBuildConfiguration;
			buildSettings = {
				ALWAYS_SEARCH_USER_PATHS = NO;
				ASSETCATALOG_COMPILER_GENERATE_SWIFT_ASSET_SYMBOL_EXTENSIONS = YES;
				CLANG_ANALYZER_NONNULL = YES;
				CLANG_ANALYZER_NUMBER_OBJECT_CONVERSION = YES_AGGRESSIVE;
				CLANG_CXX_LANGUAGE_STANDARD = "gnu++20";
				CLANG_ENABLE_MODULES = YES;
				CLANG_ENABLE_OBJC_ARC = YES;
				CLANG_ENABLE_OBJC_WEAK = YES;
				CLANG_WARN_BLOCK_CAPTURE_AUTORELEASING = YES;
				CLANG_WARN_BOOL_CONVERSION = YES;
				CLANG_WARN_COMMA = YES;
				CLANG_WARN_CONSTANT_CONVERSION = YES;
				CLANG_WARN_DEPRECATED_OBJC_IMPLEMENTATIONS = YES;
				CLANG_WARN_DIRECT_OBJC_ISA_USAGE = YES_ERROR;
				CLANG_WARN_DOCUMENTATION_COMMENTS = YES;
				CLANG_WARN_EMPTY_BODY = YES;
				CLANG_WARN_ENUM_CONVERSION = YES;
				CLANG_WARN_INFINITE_RECURSION = YES;
				CLANG_WARN_INT_CONVERSION = YES;
				CLANG_WARN_NON_LITERAL_NULL_CONVERSION = YES;
				CLANG_WARN_OBJC_IMPLICIT_RETAIN_SELF = YES;
				CLANG_WARN_OBJC_LITERAL_CONVERSION = YES;
				CLANG_WARN_OBJC_ROOT_CLASS = YES_ERROR;
				CLANG_WARN_QUOTED_INCLUDE_IN_FRAMEWORK_HEADER = YES;
				CLANG_WARN_RANGE_LOOP_ANALYSIS = YES;
				CLANG_WARN_STRICT_PROTOTYPES = YES;
				CLANG_WARN_SUSPICIOUS_MOVE = YES;
				CLANG_WARN_UNGUARDED_AVAILABILITY = YES_AGGRESSIVE;
				CLANG_WARN_UNREACHABLE_CODE = YES;
				CLANG_WARN__DUPLICATE_METHOD_MATCH = YES;
				COPY_PHASE_STRIP = NO;
				DEBUG_INFORMATION_FORMAT = dwarf;
				ENABLE_STRICT_OBJC_MSGSEND = YES;
				ENABLE_TESTABILITY = YES;
				ENABLE_USER_SCRIPT_SANDBOXING = YES;
				GCC_C_LANGUAGE_STANDARD = gnu17;
				GCC_DYNAMIC_NO_PIC = NO;
				GCC_NO_COMMON_BLOCKS = YES;
				GCC_OPTIMIZATION_LEVEL = 0;
				GCC_PREPROCESSOR_DEFINITIONS = (
					"DEBUG=1",
					"$(inherited)",
				);
				GCC_WARN_64_TO_32_BIT_CONVERSION = YES;
				GCC_WARN_ABOUT_RETURN_TYPE = YES_ERROR;
				GCC_WARN_UNDECLARED_SELECTOR = YES;
				GCC_WARN_UNINITIALIZED_AUTOS = YES_AGGRESSIVE;
				GCC_WARN_UNUSED_FUNCTION = YES;
				GCC_WARN_UNUSED_VARIABLE = YES;
				IPHONEOS_DEPLOYMENT_TARGET = 18.0;
				LOCALIZATION_PREFERS_STRING_CATALOGS = YES;
				MTL_ENABLE_DEBUG_INFO = INCLUDE_SOURCE;
				MTL_FAST_MATH = YES;
				ONLY_ACTIVE_ARCH = YES;
				SDKROOT = iphoneos;
				SWIFT_ACTIVE_COMPILATION_CONDITIONS = "DEBUG $(inherited)";
				SWIFT_OPTIMIZATION_LEVEL = "-Onone";
			};
			name = Debug;
		};
		EAEBD6692CB3FB0A00C5B6F7 /* Release */ = {
			isa = XCBuildConfiguration;
			buildSettings = {
				ALWAYS_SEARCH_USER_PATHS = NO;
				ASSETCATALOG_COMPILER_GENERATE_SWIFT_ASSET_SYMBOL_EXTENSIONS = YES;
				CLANG_ANALYZER_NONNULL = YES;
				CLANG_ANALYZER_NUMBER_OBJECT_CONVERSION = YES_AGGRESSIVE;
				CLANG_CXX_LANGUAGE_STANDARD = "gnu++20";
				CLANG_ENABLE_MODULES = YES;
				CLANG_ENABLE_OBJC_ARC = YES;
				CLANG_ENABLE_OBJC_WEAK = YES;
				CLANG_WARN_BLOCK_CAPTURE_AUTORELEASING = YES;
				CLANG_WARN_BOOL_CONVERSION = YES;
				CLANG_WARN_COMMA = YES;
				CLANG_WARN_CONSTANT_CONVERSION = YES;
				CLANG_WARN_DEPRECATED_OBJC_IMPLEMENTATIONS = YES;
				CLANG_WARN_DIRECT_OBJC_ISA_USAGE = YES_ERROR;
				CLANG_WARN_DOCUMENTATION_COMMENTS = YES;
				CLANG_WARN_EMPTY_BODY = YES;
				CLANG_WARN_ENUM_CONVERSION = YES;
				CLANG_WARN_INFINITE_RECURSION = YES;
				CLANG_WARN_INT_CONVERSION = YES;
				CLANG_WARN_NON_LITERAL_NULL_CONVERSION = YES;
				CLANG_WARN_OBJC_IMPLICIT_RETAIN_SELF = YES;
				CLANG_WARN_OBJC_LITERAL_CONVERSION = YES;
				CLANG_WARN_OBJC_ROOT_CLASS = YES_ERROR;
				CLANG_WARN_QUOTED_INCLUDE_IN_FRAMEWORK_HEADER = YES;
				CLANG_WARN_RANGE_LOOP_ANALYSIS = YES;
				CLANG_WARN_STRICT_PROTOTYPES = YES;
				CLANG_WARN_SUSPICIOUS_MOVE = YES;
				CLANG_WARN_UNGUARDED_AVAILABILITY = YES_AGGRESSIVE;
				CLANG_WARN_UNREACHABLE_CODE = YES;
				CLANG_WARN__DUPLICATE_METHOD_MATCH = YES;
				COPY_PHASE_STRIP = NO;
				DEBUG_INFORMATION_FORMAT = "dwarf-with-dsym";
				ENABLE_NS_ASSERTIONS = NO;
				ENABLE_STRICT_OBJC_MSGSEND = YES;
				ENABLE_USER_SCRIPT_SANDBOXING = YES;
				GCC_C_LANGUAGE_STANDARD = gnu17;
				GCC_NO_COMMON_BLOCKS = YES;
				GCC_WARN_64_TO_32_BIT_CONVERSION = YES;
				GCC_WARN_ABOUT_RETURN_TYPE = YES_ERROR;
				GCC_WARN_UNDECLARED_SELECTOR = YES;
				GCC_WARN_UNINITIALIZED_AUTOS = YES_AGGRESSIVE;
				GCC_WARN_UNUSED_FUNCTION = YES;
				GCC_WARN_UNUSED_VARIABLE = YES;
				IPHONEOS_DEPLOYMENT_TARGET = 18.0;
				LOCALIZATION_PREFERS_STRING_CATALOGS = YES;
				MTL_ENABLE_DEBUG_INFO = NO;
				MTL_FAST_MATH = YES;
				SDKROOT = iphoneos;
				SWIFT_COMPILATION_MODE = wholemodule;
				VALIDATE_PRODUCT = YES;
			};
			name = Release;
		};
		EAEBD66B2CB3FB0A00C5B6F7 /* Debug */ = {
			isa = XCBuildConfiguration;
			buildSettings = {
				ASSETCATALOG_COMPILER_APPICON_NAME = AppIcon;
				ASSETCATALOG_COMPILER_GLOBAL_ACCENT_COLOR_NAME = AccentColor;
				CODE_SIGN_STYLE = Automatic;
				CURRENT_PROJECT_VERSION = 1;
				DEVELOPMENT_ASSET_PATHS = "\"CoffeeShopApp/Preview Content\"";
				DEVELOPMENT_TEAM = BVPC6QX93W;
				ENABLE_PREVIEWS = YES;
				GENERATE_INFOPLIST_FILE = YES;
				INFOPLIST_KEY_UIApplicationSceneManifest_Generation = YES;
				INFOPLIST_KEY_UIApplicationSupportsIndirectInputEvents = YES;
				INFOPLIST_KEY_UILaunchScreen_Generation = YES;
				INFOPLIST_KEY_UISupportedInterfaceOrientations_iPad = "UIInterfaceOrientationPortrait UIInterfaceOrientationPortraitUpsideDown UIInterfaceOrientationLandscapeLeft UIInterfaceOrientationLandscapeRight";
				INFOPLIST_KEY_UISupportedInterfaceOrientations_iPhone = "UIInterfaceOrientationPortrait UIInterfaceOrientationLandscapeLeft UIInterfaceOrientationLandscapeRight";
				LD_RUNPATH_SEARCH_PATHS = (
					"$(inherited)",
					"@executable_path/Frameworks",
				);
				MARKETING_VERSION = 1.0;
				PRODUCT_BUNDLE_IDENTIFIER = com.rickyprimay.CoffeeShopApp;
				PRODUCT_NAME = "$(TARGET_NAME)";
				SWIFT_EMIT_LOC_STRINGS = YES;
				SWIFT_VERSION = 5.0;
				TARGETED_DEVICE_FAMILY = "1,2";
			};
			name = Debug;
		};
		EAEBD66C2CB3FB0A00C5B6F7 /* Release */ = {
			isa = XCBuildConfiguration;
			buildSettings = {
				ASSETCATALOG_COMPILER_APPICON_NAME = AppIcon;
				ASSETCATALOG_COMPILER_GLOBAL_ACCENT_COLOR_NAME = AccentColor;
				CODE_SIGN_STYLE = Automatic;
				CURRENT_PROJECT_VERSION = 1;
				DEVELOPMENT_ASSET_PATHS = "\"CoffeeShopApp/Preview Content\"";
				DEVELOPMENT_TEAM = BVPC6QX93W;
				ENABLE_PREVIEWS = YES;
				GENERATE_INFOPLIST_FILE = YES;
				INFOPLIST_KEY_UIApplicationSceneManifest_Generation = YES;
				INFOPLIST_KEY_UIApplicationSupportsIndirectInputEvents = YES;
				INFOPLIST_KEY_UILaunchScreen_Generation = YES;
				INFOPLIST_KEY_UISupportedInterfaceOrientations_iPad = "UIInterfaceOrientationPortrait UIInterfaceOrientationPortraitUpsideDown UIInterfaceOrientationLandscapeLeft UIInterfaceOrientationLandscapeRight";
				INFOPLIST_KEY_UISupportedInterfaceOrientations_iPhone = "UIInterfaceOrientationPortrait UIInterfaceOrientationLandscapeLeft UIInterfaceOrientationLandscapeRight";
				LD_RUNPATH_SEARCH_PATHS = (
					"$(inherited)",
					"@executable_path/Frameworks",
				);
				MARKETING_VERSION = 1.0;
				PRODUCT_BUNDLE_IDENTIFIER = com.rickyprimay.CoffeeShopApp;
				PRODUCT_NAME = "$(TARGET_NAME)";
				SWIFT_EMIT_LOC_STRINGS = YES;
				SWIFT_VERSION = 5.0;
				TARGETED_DEVICE_FAMILY = "1,2";
			};
			name = Release;
		};
		EAEBD66E2CB3FB0A00C5B6F7 /* Debug */ = {
			isa = XCBuildConfiguration;
			buildSettings = {
				BUNDLE_LOADER = "$(TEST_HOST)";
				CODE_SIGN_STYLE = Automatic;
				CURRENT_PROJECT_VERSION = 1;
				DEVELOPMENT_TEAM = BVPC6QX93W;
				GENERATE_INFOPLIST_FILE = YES;
				IPHONEOS_DEPLOYMENT_TARGET = 18.0;
				MARKETING_VERSION = 1.0;
				PRODUCT_BUNDLE_IDENTIFIER = com.rickyprimay.CoffeeShopAppTests;
				PRODUCT_NAME = "$(TARGET_NAME)";
				SWIFT_EMIT_LOC_STRINGS = NO;
				SWIFT_VERSION = 5.0;
				TARGETED_DEVICE_FAMILY = "1,2";
				TEST_HOST = "$(BUILT_PRODUCTS_DIR)/CoffeeShopApp.app/$(BUNDLE_EXECUTABLE_FOLDER_PATH)/CoffeeShopApp";
			};
			name = Debug;
		};
		EAEBD66F2CB3FB0A00C5B6F7 /* Release */ = {
			isa = XCBuildConfiguration;
			buildSettings = {
				BUNDLE_LOADER = "$(TEST_HOST)";
				CODE_SIGN_STYLE = Automatic;
				CURRENT_PROJECT_VERSION = 1;
				DEVELOPMENT_TEAM = BVPC6QX93W;
				GENERATE_INFOPLIST_FILE = YES;
				IPHONEOS_DEPLOYMENT_TARGET = 18.0;
				MARKETING_VERSION = 1.0;
				PRODUCT_BUNDLE_IDENTIFIER = com.rickyprimay.CoffeeShopAppTests;
				PRODUCT_NAME = "$(TARGET_NAME)";
				SWIFT_EMIT_LOC_STRINGS = NO;
				SWIFT_VERSION = 5.0;
				TARGETED_DEVICE_FAMILY = "1,2";
				TEST_HOST = "$(BUILT_PRODUCTS_DIR)/CoffeeShopApp.app/$(BUNDLE_EXECUTABLE_FOLDER_PATH)/CoffeeShopApp";
			};
			name = Release;
		};
		EAEBD6712CB3FB0A00C5B6F7 /* Debug */ = {
			isa = XCBuildConfiguration;
			buildSettings = {
				CODE_SIGN_STYLE = Automatic;
				CURRENT_PROJECT_VERSION = 1;
				DEVELOPMENT_TEAM = BVPC6QX93W;
				GENERATE_INFOPLIST_FILE = YES;
				MARKETING_VERSION = 1.0;
				PRODUCT_BUNDLE_IDENTIFIER = com.rickyprimay.CoffeeShopAppUITests;
				PRODUCT_NAME = "$(TARGET_NAME)";
				SWIFT_EMIT_LOC_STRINGS = NO;
				SWIFT_VERSION = 5.0;
				TARGETED_DEVICE_FAMILY = "1,2";
				TEST_TARGET_NAME = CoffeeShopApp;
			};
			name = Debug;
		};
		EAEBD6722CB3FB0A00C5B6F7 /* Release */ = {
			isa = XCBuildConfiguration;
			buildSettings = {
				CODE_SIGN_STYLE = Automatic;
				CURRENT_PROJECT_VERSION = 1;
				DEVELOPMENT_TEAM = BVPC6QX93W;
				GENERATE_INFOPLIST_FILE = YES;
				MARKETING_VERSION = 1.0;
				PRODUCT_BUNDLE_IDENTIFIER = com.rickyprimay.CoffeeShopAppUITests;
				PRODUCT_NAME = "$(TARGET_NAME)";
				SWIFT_EMIT_LOC_STRINGS = NO;
				SWIFT_VERSION = 5.0;
				TARGETED_DEVICE_FAMILY = "1,2";
				TEST_TARGET_NAME = CoffeeShopApp;
			};
			name = Release;
		};
/* End XCBuildConfiguration section */

/* Begin XCConfigurationList section */
		EAEBD6412CB3FB0700C5B6F7 /* Build configuration list for PBXProject "CoffeeShopApp" */ = {
			isa = XCConfigurationList;
			buildConfigurations = (
				EAEBD6682CB3FB0A00C5B6F7 /* Debug */,
				EAEBD6692CB3FB0A00C5B6F7 /* Release */,
			);
			defaultConfigurationIsVisible = 0;
			defaultConfigurationName = Release;
		};
		EAEBD66A2CB3FB0A00C5B6F7 /* Build configuration list for PBXNativeTarget "CoffeeShopApp" */ = {
			isa = XCConfigurationList;
			buildConfigurations = (
				EAEBD66B2CB3FB0A00C5B6F7 /* Debug */,
				EAEBD66C2CB3FB0A00C5B6F7 /* Release */,
			);
			defaultConfigurationIsVisible = 0;
			defaultConfigurationName = Release;
		};
		EAEBD66D2CB3FB0A00C5B6F7 /* Build configuration list for PBXNativeTarget "CoffeeShopAppTests" */ = {
			isa = XCConfigurationList;
			buildConfigurations = (
				EAEBD66E2CB3FB0A00C5B6F7 /* Debug */,
				EAEBD66F2CB3FB0A00C5B6F7 /* Release */,
			);
			defaultConfigurationIsVisible = 0;
			defaultConfigurationName = Release;
		};
		EAEBD6702CB3FB0A00C5B6F7 /* Build configuration list for PBXNativeTarget "CoffeeShopAppUITests" */ = {
			isa = XCConfigurationList;
			buildConfigurations = (
				EAEBD6712CB3FB0A00C5B6F7 /* Debug */,
				EAEBD6722CB3FB0A00C5B6F7 /* Release */,
			);
			defaultConfigurationIsVisible = 0;
			defaultConfigurationName = Release;
		};
/* End XCConfigurationList section */
	};
	rootObject = EAEBD63E2CB3FB0700C5B6F7 /* Project object */;
}
